
Microsoft Visual Studio Solution File, Format Version 12.00
# Visual Studio Version 17
VisualStudioVersion = 17.7.34031.279
MinimumVisualStudioVersion = 10.0.40219.1
Project("{FAE04EC0-301F-11D3-BF4B-00C04F79EFBC}") = "ConsoleApp3", "ConsoleApp3\ConsoleApp3.csproj", "{1C120885-5DEB-4ED9-90EF-6CD40AB0F32B}"
EndProject
Global
	GlobalSection(SolutionConfigurationPlatforms) = preSolution
		Debug|Any CPU = Debug|Any CPU
		Release|Any CPU = Release|Any CPU
	EndGlobalSection
	GlobalSection(ProjectConfigurationPlatforms) = postSolution
		{1C120885-5DEB-4ED9-90EF-6CD40AB0F32B}.Debug|Any CPU.ActiveCfg = Debug|Any CPU
		{1C120885-5DEB-4ED9-90EF-6CD40AB0F32B}.Debug|Any CPU.Build.0 = Debug|Any CPU
		{1C120885-5DEB-4ED9-90EF-6CD40AB0F32B}.Release|Any CPU.ActiveCfg = Release|Any CPU
		{1C120885-5DEB-4ED9-90EF-6CD40AB0F32B}.Release|Any CPU.Build.0 = Release|Any CPU
	EndGlobalSection
	GlobalSection(SolutionProperties) = preSolution
		HideSolutionNode = FALSE
	EndGlobalSection
	GlobalSection(ExtensibilityGlobals) = postSolution
		SolutionGuid = {ABA64ED5-16D2-4870-9B20-BF7EEA3A3FFD}
	EndGlobalSection
EndGlobal
